// !$*UTF8*$!
{
	archiveVersion = 1;
	classes = {
	};
	objectVersion = 55;
	objects = {

/* Begin PBXBuildFile section */
		FC8CA654299FBD8C00695488 /* MemoriaApp.swift in Sources */ = {isa = PBXBuildFile; fileRef = FC8CA653299FBD8C00695488 /* MemoriaApp.swift */; };
		FC8CA656299FBD8C00695488 /* ContentView.swift in Sources */ = {isa = PBXBuildFile; fileRef = FC8CA655299FBD8C00695488 /* ContentView.swift */; };
		FC8CA658299FBD8F00695488 /* Assets.xcassets in Resources */ = {isa = PBXBuildFile; fileRef = FC8CA657299FBD8F00695488 /* Assets.xcassets */; };
		FC8CA65B299FBD8F00695488 /* Preview Assets.xcassets in Resources */ = {isa = PBXBuildFile; fileRef = FC8CA65A299FBD8F00695488 /* Preview Assets.xcassets */; };
		FC8CA665299FBD8F00695488 /* MemoriaTests.swift in Sources */ = {isa = PBXBuildFile; fileRef = FC8CA664299FBD8F00695488 /* MemoriaTests.swift */; };
		FC8CA66F299FBD8F00695488 /* MemoriaUITests.swift in Sources */ = {isa = PBXBuildFile; fileRef = FC8CA66E299FBD8F00695488 /* MemoriaUITests.swift */; };
		FC8CA671299FBD8F00695488 /* MemoriaUITestsLaunchTests.swift in Sources */ = {isa = PBXBuildFile; fileRef = FC8CA670299FBD8F00695488 /* MemoriaUITestsLaunchTests.swift */; };
/* End PBXBuildFile section */

/* Begin PBXContainerItemProxy section */
		FC8CA661299FBD8F00695488 /* PBXContainerItemProxy */ = {
			isa = PBXContainerItemProxy;
			containerPortal = FC8CA648299FBD8C00695488 /* Project object */;
			proxyType = 1;
			remoteGlobalIDString = FC8CA64F299FBD8C00695488;
			remoteInfo = Memoria;
		};
		FC8CA66B299FBD8F00695488 /* PBXContainerItemProxy */ = {
			isa = PBXContainerItemProxy;
			containerPortal = FC8CA648299FBD8C00695488 /* Project object */;
			proxyType = 1;
			remoteGlobalIDString = FC8CA64F299FBD8C00695488;
			remoteInfo = Memoria;
		};
/* End PBXContainerItemProxy section */

/* Begin PBXFileReference section */
		FC8CA650299FBD8C00695488 /* Memoria.app */ = {isa = PBXFileReference; explicitFileType = wrapper.application; includeInIndex = 0; path = Memoria.app; sourceTree = BUILT_PRODUCTS_DIR; };
		FC8CA653299FBD8C00695488 /* MemoriaApp.swift */ = {isa = PBXFileReference; lastKnownFileType = sourcecode.swift; path = MemoriaApp.swift; sourceTree = "<group>"; };
		FC8CA655299FBD8C00695488 /* ContentView.swift */ = {isa = PBXFileReference; lastKnownFileType = sourcecode.swift; path = ContentView.swift; sourceTree = "<group>"; };
		FC8CA657299FBD8F00695488 /* Assets.xcassets */ = {isa = PBXFileReference; lastKnownFileType = folder.assetcatalog; path = Assets.xcassets; sourceTree = "<group>"; };
		FC8CA65A299FBD8F00695488 /* Preview Assets.xcassets */ = {isa = PBXFileReference; lastKnownFileType = folder.assetcatalog; path = "Preview Assets.xcassets"; sourceTree = "<group>"; };
		FC8CA660299FBD8F00695488 /* MemoriaTests.xctest */ = {isa = PBXFileReference; explicitFileType = wrapper.cfbundle; includeInIndex = 0; path = MemoriaTests.xctest; sourceTree = BUILT_PRODUCTS_DIR; };
		FC8CA664299FBD8F00695488 /* MemoriaTests.swift */ = {isa = PBXFileReference; lastKnownFileType = sourcecode.swift; path = MemoriaTests.swift; sourceTree = "<group>"; };
		FC8CA66A299FBD8F00695488 /* MemoriaUITests.xctest */ = {isa = PBXFileReference; explicitFileType = wrapper.cfbundle; includeInIndex = 0; path = MemoriaUITests.xctest; sourceTree = BUILT_PRODUCTS_DIR; };
		FC8CA66E299FBD8F00695488 /* MemoriaUITests.swift */ = {isa = PBXFileReference; lastKnownFileType = sourcecode.swift; path = MemoriaUITests.swift; sourceTree = "<group>"; };
		FC8CA670299FBD8F00695488 /* MemoriaUITestsLaunchTests.swift */ = {isa = PBXFileReference; lastKnownFileType = sourcecode.swift; path = MemoriaUITestsLaunchTests.swift; sourceTree = "<group>"; };
/* End PBXFileReference section */

/* Begin PBXFrameworksBuildPhase section */
		FC8CA64D299FBD8C00695488 /* Frameworks */ = {
			isa = PBXFrameworksBuildPhase;
			buildActionMask = 2147483647;
			files = (
			);
			runOnlyForDeploymentPostprocessing = 0;
		};
		FC8CA65D299FBD8F00695488 /* Frameworks */ = {
			isa = PBXFrameworksBuildPhase;
			buildActionMask = 2147483647;
			files = (
			);
			runOnlyForDeploymentPostprocessing = 0;
		};
		FC8CA667299FBD8F00695488 /* Frameworks */ = {
			isa = PBXFrameworksBuildPhase;
			buildActionMask = 2147483647;
			files = (
			);
			runOnlyForDeploymentPostprocessing = 0;
		};
/* End PBXFrameworksBuildPhase section */

/* Begin PBXGroup section */
		FC8CA647299FBD8C00695488 = {
			isa = PBXGroup;
			children = (
				FC8CA652299FBD8C00695488 /* Memoria */,
				FC8CA663299FBD8F00695488 /* MemoriaTests */,
				FC8CA66D299FBD8F00695488 /* MemoriaUITests */,
				FC8CA651299FBD8C00695488 /* Products */,
			);
			sourceTree = "<group>";
		};
		FC8CA651299FBD8C00695488 /* Products */ = {
			isa = PBXGroup;
			children = (
				FC8CA650299FBD8C00695488 /* Memoria.app */,
				FC8CA660299FBD8F00695488 /* MemoriaTests.xctest */,
				FC8CA66A299FBD8F00695488 /* MemoriaUITests.xctest */,
			);
			name = Products;
			sourceTree = "<group>";
		};
		FC8CA652299FBD8C00695488 /* Memoria */ = {
			isa = PBXGroup;
			children = (
				FC8CA653299FBD8C00695488 /* MemoriaApp.swift */,
				FC8CA655299FBD8C00695488 /* ContentView.swift */,
				FC8CA657299FBD8F00695488 /* Assets.xcassets */,
				FC8CA659299FBD8F00695488 /* Preview Content */,
			);
			path = Memoria;
			sourceTree = "<group>";
		};
		FC8CA659299FBD8F00695488 /* Preview Content */ = {
			isa = PBXGroup;
			children = (
				FC8CA65A299FBD8F00695488 /* Preview Assets.xcassets */,
			);
			path = "Preview Content";
			sourceTree = "<group>";
		};
		FC8CA663299FBD8F00695488 /* MemoriaTests */ = {
			isa = PBXGroup;
			children = (
				FC8CA664299FBD8F00695488 /* MemoriaTests.swift */,
			);
			path = MemoriaTests;
			sourceTree = "<group>";
		};
		FC8CA66D299FBD8F00695488 /* MemoriaUITests */ = {
			isa = PBXGroup;
			children = (
				FC8CA66E299FBD8F00695488 /* MemoriaUITests.swift */,
				FC8CA670299FBD8F00695488 /* MemoriaUITestsLaunchTests.swift */,
			);
			path = MemoriaUITests;
			sourceTree = "<group>";
		};
/* End PBXGroup section */

/* Begin PBXNativeTarget section */
		FC8CA64F299FBD8C00695488 /* Memoria */ = {
			isa = PBXNativeTarget;
			buildConfigurationList = FC8CA674299FBD9000695488 /* Build configuration list for PBXNativeTarget "Memoria" */;
			buildPhases = (
				FC8CA64C299FBD8C00695488 /* Sources */,
				FC8CA64D299FBD8C00695488 /* Frameworks */,
				FC8CA64E299FBD8C00695488 /* Resources */,
			);
			buildRules = (
			);
			dependencies = (
			);
			name = Memoria;
			productName = Memoria;
			productReference = FC8CA650299FBD8C00695488 /* Memoria.app */;
			productType = "com.apple.product-type.application";
		};
		FC8CA65F299FBD8F00695488 /* MemoriaTests */ = {
			isa = PBXNativeTarget;
			buildConfigurationList = FC8CA677299FBD9000695488 /* Build configuration list for PBXNativeTarget "MemoriaTests" */;
			buildPhases = (
				FC8CA65C299FBD8F00695488 /* Sources */,
				FC8CA65D299FBD8F00695488 /* Frameworks */,
				FC8CA65E299FBD8F00695488 /* Resources */,
			);
			buildRules = (
			);
			dependencies = (
				FC8CA662299FBD8F00695488 /* PBXTargetDependency */,
			);
			name = MemoriaTests;
			productName = MemoriaTests;
			productReference = FC8CA660299FBD8F00695488 /* MemoriaTests.xctest */;
			productType = "com.apple.product-type.bundle.unit-test";
		};
		FC8CA669299FBD8F00695488 /* MemoriaUITests */ = {
			isa = PBXNativeTarget;
			buildConfigurationList = FC8CA67A299FBD9000695488 /* Build configuration list for PBXNativeTarget "MemoriaUITests" */;
			buildPhases = (
				FC8CA666299FBD8F00695488 /* Sources */,
				FC8CA667299FBD8F00695488 /* Frameworks */,
				FC8CA668299FBD8F00695488 /* Resources */,
			);
			buildRules = (
			);
			dependencies = (
				FC8CA66C299FBD8F00695488 /* PBXTargetDependency */,
			);
			name = MemoriaUITests;
			productName = MemoriaUITests;
			productReference = FC8CA66A299FBD8F00695488 /* MemoriaUITests.xctest */;
			productType = "com.apple.product-type.bundle.ui-testing";
		};
/* End PBXNativeTarget section */

/* Begin PBXProject section */
		FC8CA648299FBD8C00695488 /* Project object */ = {
			isa = PBXProject;
			attributes = {
				BuildIndependentTargetsInParallel = 1;
				LastSwiftUpdateCheck = 1320;
				LastUpgradeCheck = 1320;
				TargetAttributes = {
					FC8CA64F299FBD8C00695488 = {
						CreatedOnToolsVersion = 13.2.1;
					};
					FC8CA65F299FBD8F00695488 = {
						CreatedOnToolsVersion = 13.2.1;
						TestTargetID = FC8CA64F299FBD8C00695488;
					};
					FC8CA669299FBD8F00695488 = {
						CreatedOnToolsVersion = 13.2.1;
						TestTargetID = FC8CA64F299FBD8C00695488;
					};
				};
			};
			buildConfigurationList = FC8CA64B299FBD8C00695488 /* Build configuration list for PBXProject "Memoria" */;
			compatibilityVersion = "Xcode 13.0";
			developmentRegion = en;
			hasScannedForEncodings = 0;
			knownRegions = (
				en,
				Base,
			);
			mainGroup = FC8CA647299FBD8C00695488;
			productRefGroup = FC8CA651299FBD8C00695488 /* Products */;
			projectDirPath = "";
			projectRoot = "";
			targets = (
				FC8CA64F299FBD8C00695488 /* Memoria */,
				FC8CA65F299FBD8F00695488 /* MemoriaTests */,
				FC8CA669299FBD8F00695488 /* MemoriaUITests */,
			);
		};
/* End PBXProject section */

/* Begin PBXResourcesBuildPhase section */
		FC8CA64E299FBD8C00695488 /* Resources */ = {
			isa = PBXResourcesBuildPhase;
			buildActionMask = 2147483647;
			files = (
				FC8CA65B299FBD8F00695488 /* Preview Assets.xcassets in Resources */,
				FC8CA658299FBD8F00695488 /* Assets.xcassets in Resources */,
			);
			runOnlyForDeploymentPostprocessing = 0;
		};
		FC8CA65E299FBD8F00695488 /* Resources */ = {
			isa = PBXResourcesBuildPhase;
			buildActionMask = 2147483647;
			files = (
			);
			runOnlyForDeploymentPostprocessing = 0;
		};
		FC8CA668299FBD8F00695488 /* Resources */ = {
			isa = PBXResourcesBuildPhase;
			buildActionMask = 2147483647;
			files = (
			);
			runOnlyForDeploymentPostprocessing = 0;
		};
/* End PBXResourcesBuildPhase section */

/* Begin PBXSourcesBuildPhase section */
		FC8CA64C299FBD8C00695488 /* Sources */ = {
			isa = PBXSourcesBuildPhase;
			buildActionMask = 2147483647;
			files = (
				FC8CA656299FBD8C00695488 /* ContentView.swift in Sources */,
				FC8CA654299FBD8C00695488 /* MemoriaApp.swift in Sources */,
			);
			runOnlyForDeploymentPostprocessing = 0;
		};
		FC8CA65C299FBD8F00695488 /* Sources */ = {
			isa = PBXSourcesBuildPhase;
			buildActionMask = 2147483647;
			files = (
				FC8CA665299FBD8F00695488 /* MemoriaTests.swift in Sources */,
			);
			runOnlyForDeploymentPostprocessing = 0;
		};
		FC8CA666299FBD8F00695488 /* Sources */ = {
			isa = PBXSourcesBuildPhase;
			buildActionMask = 2147483647;
			files = (
				FC8CA66F299FBD8F00695488 /* MemoriaUITests.swift in Sources */,
				FC8CA671299FBD8F00695488 /* MemoriaUITestsLaunchTests.swift in Sources */,
			);
			runOnlyForDeploymentPostprocessing = 0;
		};
/* End PBXSourcesBuildPhase section */

/* Begin PBXTargetDependency section */
		FC8CA662299FBD8F00695488 /* PBXTargetDependency */ = {
			isa = PBXTargetDependency;
			target = FC8CA64F299FBD8C00695488 /* Memoria */;
			targetProxy = FC8CA661299FBD8F00695488 /* PBXContainerItemProxy */;
		};
		FC8CA66C299FBD8F00695488 /* PBXTargetDependency */ = {
			isa = PBXTargetDependency;
			target = FC8CA64F299FBD8C00695488 /* Memoria */;
			targetProxy = FC8CA66B299FBD8F00695488 /* PBXContainerItemProxy */;
		};
/* End PBXTargetDependency section */

/* Begin XCBuildConfiguration section */
		FC8CA672299FBD9000695488 /* Debug */ = {
			isa = XCBuildConfiguration;
			buildSettings = {
				ALWAYS_SEARCH_USER_PATHS = NO;
				CLANG_ANALYZER_NONNULL = YES;
				CLANG_ANALYZER_NUMBER_OBJECT_CONVERSION = YES_AGGRESSIVE;
				CLANG_CXX_LANGUAGE_STANDARD = "gnu++17";
				CLANG_CXX_LIBRARY = "libc++";
				CLANG_ENABLE_MODULES = YES;
				CLANG_ENABLE_OBJC_ARC = YES;
				CLANG_ENABLE_OBJC_WEAK = YES;
				CLANG_WARN_BLOCK_CAPTURE_AUTORELEASING = YES;
				CLANG_WARN_BOOL_CONVERSION = YES;
				CLANG_WARN_COMMA = YES;
				CLANG_WARN_CONSTANT_CONVERSION = YES;
				CLANG_WARN_DEPRECATED_OBJC_IMPLEMENTATIONS = YES;
				CLANG_WARN_DIRECT_OBJC_ISA_USAGE = YES_ERROR;
				CLANG_WARN_DOCUMENTATION_COMMENTS = YES;
				CLANG_WARN_EMPTY_BODY = YES;
				CLANG_WARN_ENUM_CONVERSION = YES;
				CLANG_WARN_INFINITE_RECURSION = YES;
				CLANG_WARN_INT_CONVERSION = YES;
				CLANG_WARN_NON_LITERAL_NULL_CONVERSION = YES;
				CLANG_WARN_OBJC_IMPLICIT_RETAIN_SELF = YES;
				CLANG_WARN_OBJC_LITERAL_CONVERSION = YES;
				CLANG_WARN_OBJC_ROOT_CLASS = YES_ERROR;
				CLANG_WARN_QUOTED_INCLUDE_IN_FRAMEWORK_HEADER = YES;
				CLANG_WARN_RANGE_LOOP_ANALYSIS = YES;
				CLANG_WARN_STRICT_PROTOTYPES = YES;
				CLANG_WARN_SUSPICIOUS_MOVE = YES;
				CLANG_WARN_UNGUARDED_AVAILABILITY = YES_AGGRESSIVE;
				CLANG_WARN_UNREACHABLE_CODE = YES;
				CLANG_WARN__DUPLICATE_METHOD_MATCH = YES;
				COPY_PHASE_STRIP = NO;
				DEBUG_INFORMATION_FORMAT = dwarf;
				ENABLE_STRICT_OBJC_MSGSEND = YES;
				ENABLE_TESTABILITY = YES;
				GCC_C_LANGUAGE_STANDARD = gnu11;
				GCC_DYNAMIC_NO_PIC = NO;
				GCC_NO_COMMON_BLOCKS = YES;
				GCC_OPTIMIZATION_LEVEL = 0;
				GCC_PREPROCESSOR_DEFINITIONS = (
					"DEBUG=1",
					"$(inherited)",
				);
				GCC_WARN_64_TO_32_BIT_CONVERSION = YES;
				GCC_WARN_ABOUT_RETURN_TYPE = YES_ERROR;
				GCC_WARN_UNDECLARED_SELECTOR = YES;
				GCC_WARN_UNINITIALIZED_AUTOS = YES_AGGRESSIVE;
				GCC_WARN_UNUSED_FUNCTION = YES;
				GCC_WARN_UNUSED_VARIABLE = YES;
				IPHONEOS_DEPLOYMENT_TARGET = 15.2;
				MTL_ENABLE_DEBUG_INFO = INCLUDE_SOURCE;
				MTL_FAST_MATH = YES;
				ONLY_ACTIVE_ARCH = YES;
				SDKROOT = iphoneos;
				SWIFT_ACTIVE_COMPILATION_CONDITIONS = DEBUG;
				SWIFT_OPTIMIZATION_LEVEL = "-Onone";
			};
			name = Debug;
		};
		FC8CA673299FBD9000695488 /* Release */ = {
			isa = XCBuildConfiguration;
			buildSettings = {
				ALWAYS_SEARCH_USER_PATHS = NO;
				CLANG_ANALYZER_NONNULL = YES;
				CLANG_ANALYZER_NUMBER_OBJECT_CONVERSION = YES_AGGRESSIVE;
				CLANG_CXX_LANGUAGE_STANDARD = "gnu++17";
				CLANG_CXX_LIBRARY = "libc++";
				CLANG_ENABLE_MODULES = YES;
				CLANG_ENABLE_OBJC_ARC = YES;
				CLANG_ENABLE_OBJC_WEAK = YES;
				CLANG_WARN_BLOCK_CAPTURE_AUTORELEASING = YES;
				CLANG_WARN_BOOL_CONVERSION = YES;
				CLANG_WARN_COMMA = YES;
				CLANG_WARN_CONSTANT_CONVERSION = YES;
				CLANG_WARN_DEPRECATED_OBJC_IMPLEMENTATIONS = YES;
				CLANG_WARN_DIRECT_OBJC_ISA_USAGE = YES_ERROR;
				CLANG_WARN_DOCUMENTATION_COMMENTS = YES;
				CLANG_WARN_EMPTY_BODY = YES;
				CLANG_WARN_ENUM_CONVERSION = YES;
				CLANG_WARN_INFINITE_RECURSION = YES;
				CLANG_WARN_INT_CONVERSION = YES;
				CLANG_WARN_NON_LITERAL_NULL_CONVERSION = YES;
				CLANG_WARN_OBJC_IMPLICIT_RETAIN_SELF = YES;
				CLANG_WARN_OBJC_LITERAL_CONVERSION = YES;
				CLANG_WARN_OBJC_ROOT_CLASS = YES_ERROR;
				CLANG_WARN_QUOTED_INCLUDE_IN_FRAMEWORK_HEADER = YES;
				CLANG_WARN_RANGE_LOOP_ANALYSIS = YES;
				CLANG_WARN_STRICT_PROTOTYPES = YES;
				CLANG_WARN_SUSPICIOUS_MOVE = YES;
				CLANG_WARN_UNGUARDED_AVAILABILITY = YES_AGGRESSIVE;
				CLANG_WARN_UNREACHABLE_CODE = YES;
				CLANG_WARN__DUPLICATE_METHOD_MATCH = YES;
				COPY_PHASE_STRIP = NO;
				DEBUG_INFORMATION_FORMAT = "dwarf-with-dsym";
				ENABLE_NS_ASSERTIONS = NO;
				ENABLE_STRICT_OBJC_MSGSEND = YES;
				GCC_C_LANGUAGE_STANDARD = gnu11;
				GCC_NO_COMMON_BLOCKS = YES;
				GCC_WARN_64_TO_32_BIT_CONVERSION = YES;
				GCC_WARN_ABOUT_RETURN_TYPE = YES_ERROR;
				GCC_WARN_UNDECLARED_SELECTOR = YES;
				GCC_WARN_UNINITIALIZED_AUTOS = YES_AGGRESSIVE;
				GCC_WARN_UNUSED_FUNCTION = YES;
				GCC_WARN_UNUSED_VARIABLE = YES;
				IPHONEOS_DEPLOYMENT_TARGET = 15.2;
				MTL_ENABLE_DEBUG_INFO = NO;
				MTL_FAST_MATH = YES;
				SDKROOT = iphoneos;
				SWIFT_COMPILATION_MODE = wholemodule;
				SWIFT_OPTIMIZATION_LEVEL = "-O";
				VALIDATE_PRODUCT = YES;
			};
			name = Release;
		};
		FC8CA675299FBD9000695488 /* Debug */ = {
			isa = XCBuildConfiguration;
			buildSettings = {
				ASSETCATALOG_COMPILER_APPICON_NAME = AppIcon;
				ASSETCATALOG_COMPILER_GLOBAL_ACCENT_COLOR_NAME = AccentColor;
				CODE_SIGN_STYLE = Automatic;
				CURRENT_PROJECT_VERSION = 1;
				DEVELOPMENT_ASSET_PATHS = "\"Memoria/Preview Content\"";
				ENABLE_PREVIEWS = YES;
				GENERATE_INFOPLIST_FILE = YES;
				INFOPLIST_KEY_UIApplicationSceneManifest_Generation = YES;
				INFOPLIST_KEY_UIApplicationSupportsIndirectInputEvents = YES;
				INFOPLIST_KEY_UILaunchScreen_Generation = YES;
				INFOPLIST_KEY_UISupportedInterfaceOrientations_iPad = "UIInterfaceOrientationPortrait UIInterfaceOrientationPortraitUpsideDown UIInterfaceOrientationLandscapeLeft UIInterfaceOrientationLandscapeRight";
				INFOPLIST_KEY_UISupportedInterfaceOrientations_iPhone = "UIInterfaceOrientationPortrait UIInterfaceOrientationLandscapeLeft UIInterfaceOrientationLandscapeRight";
				LD_RUNPATH_SEARCH_PATHS = (
					"$(inherited)",
					"@executable_path/Frameworks",
				);
				MARKETING_VERSION = 1.0;
				PRODUCT_BUNDLE_IDENTIFIER = com.giliardi.Memoria;
				PRODUCT_NAME = "$(TARGET_NAME)";
				SWIFT_EMIT_LOC_STRINGS = YES;
				SWIFT_VERSION = 5.0;
				TARGETED_DEVICE_FAMILY = "1,2";
			};
			name = Debug;
		};
		FC8CA676299FBD9000695488 /* Release */ = {
			isa = XCBuildConfiguration;
			buildSettings = {
				ASSETCATALOG_COMPILER_APPICON_NAME = AppIcon;
				ASSETCATALOG_COMPILER_GLOBAL_ACCENT_COLOR_NAME = AccentColor;
				CODE_SIGN_STYLE = Automatic;
				CURRENT_PROJECT_VERSION = 1;
				DEVELOPMENT_ASSET_PATHS = "\"Memoria/Preview Content\"";
				ENABLE_PREVIEWS = YES;
				GENERATE_INFOPLIST_FILE = YES;
				INFOPLIST_KEY_UIApplicationSceneManifest_Generation = YES;
				INFOPLIST_KEY_UIApplicationSupportsIndirectInputEvents = YES;
				INFOPLIST_KEY_UILaunchScreen_Generation = YES;
				INFOPLIST_KEY_UISupportedInterfaceOrientations_iPad = "UIInterfaceOrientationPortrait UIInterfaceOrientationPortraitUpsideDown UIInterfaceOrientationLandscapeLeft UIInterfaceOrientationLandscapeRight";
				INFOPLIST_KEY_UISupportedInterfaceOrientations_iPhone = "UIInterfaceOrientationPortrait UIInterfaceOrientationLandscapeLeft UIInterfaceOrientationLandscapeRight";
				LD_RUNPATH_SEARCH_PATHS = (
					"$(inherited)",
					"@executable_path/Frameworks",
				);
				MARKETING_VERSION = 1.0;
				PRODUCT_BUNDLE_IDENTIFIER = com.giliardi.Memoria;
				PRODUCT_NAME = "$(TARGET_NAME)";
				SWIFT_EMIT_LOC_STRINGS = YES;
				SWIFT_VERSION = 5.0;
				TARGETED_DEVICE_FAMILY = "1,2";
			};
			name = Release;
		};
		FC8CA678299FBD9000695488 /* Debug */ = {
			isa = XCBuildConfiguration;
			buildSettings = {
				ALWAYS_EMBED_SWIFT_STANDARD_LIBRARIES = YES;
				BUNDLE_LOADER = "$(TEST_HOST)";
				CODE_SIGN_STYLE = Automatic;
				CURRENT_PROJECT_VERSION = 1;
				GENERATE_INFOPLIST_FILE = YES;
				IPHONEOS_DEPLOYMENT_TARGET = 15.2;
				MARKETING_VERSION = 1.0;
				PRODUCT_BUNDLE_IDENTIFIER = com.giliardi.MemoriaTests;
				PRODUCT_NAME = "$(TARGET_NAME)";
				SWIFT_EMIT_LOC_STRINGS = NO;
				SWIFT_VERSION = 5.0;
				TARGETED_DEVICE_FAMILY = "1,2";
				TEST_HOST = "$(BUILT_PRODUCTS_DIR)/Memoria.app/Memoria";
			};
			name = Debug;
		};
		FC8CA679299FBD9000695488 /* Release */ = {
			isa = XCBuildConfiguration;
			buildSettings = {
				ALWAYS_EMBED_SWIFT_STANDARD_LIBRARIES = YES;
				BUNDLE_LOADER = "$(TEST_HOST)";
				CODE_SIGN_STYLE = Automatic;
				CURRENT_PROJECT_VERSION = 1;
				GENERATE_INFOPLIST_FILE = YES;
				IPHONEOS_DEPLOYMENT_TARGET = 15.2;
				MARKETING_VERSION = 1.0;
				PRODUCT_BUNDLE_IDENTIFIER = com.giliardi.MemoriaTests;
				PRODUCT_NAME = "$(TARGET_NAME)";
				SWIFT_EMIT_LOC_STRINGS = NO;
				SWIFT_VERSION = 5.0;
				TARGETED_DEVICE_FAMILY = "1,2";
				TEST_HOST = "$(BUILT_PRODUCTS_DIR)/Memoria.app/Memoria";
			};
			name = Release;
		};
		FC8CA67B299FBD9000695488 /* Debug */ = {
			isa = XCBuildConfiguration;
			buildSettings = {
				ALWAYS_EMBED_SWIFT_STANDARD_LIBRARIES = YES;
				CODE_SIGN_STYLE = Automatic;
				CURRENT_PROJECT_VERSION = 1;
				GENERATE_INFOPLIST_FILE = YES;
				MARKETING_VERSION = 1.0;
				PRODUCT_BUNDLE_IDENTIFIER = com.giliardi.MemoriaUITests;
				PRODUCT_NAME = "$(TARGET_NAME)";
				SWIFT_EMIT_LOC_STRINGS = NO;
				SWIFT_VERSION = 5.0;
				TARGETED_DEVICE_FAMILY = "1,2";
				TEST_TARGET_NAME = Memoria;
			};
			name = Debug;
		};
		FC8CA67C299FBD9000695488 /* Release */ = {
			isa = XCBuildConfiguration;
			buildSettings = {
				ALWAYS_EMBED_SWIFT_STANDARD_LIBRARIES = YES;
				CODE_SIGN_STYLE = Automatic;
				CURRENT_PROJECT_VERSION = 1;
				GENERATE_INFOPLIST_FILE = YES;
				MARKETING_VERSION = 1.0;
				PRODUCT_BUNDLE_IDENTIFIER = com.giliardi.MemoriaUITests;
				PRODUCT_NAME = "$(TARGET_NAME)";
				SWIFT_EMIT_LOC_STRINGS = NO;
				SWIFT_VERSION = 5.0;
				TARGETED_DEVICE_FAMILY = "1,2";
				TEST_TARGET_NAME = Memoria;
			};
			name = Release;
		};
/* End XCBuildConfiguration section */

/* Begin XCConfigurationList section */
		FC8CA64B299FBD8C00695488 /* Build configuration list for PBXProject "Memoria" */ = {
			isa = XCConfigurationList;
			buildConfigurations = (
				FC8CA672299FBD9000695488 /* Debug */,
				FC8CA673299FBD9000695488 /* Release */,
			);
			defaultConfigurationIsVisible = 0;
			defaultConfigurationName = Release;
		};
		FC8CA674299FBD9000695488 /* Build configuration list for PBXNativeTarget "Memoria" */ = {
			isa = XCConfigurationList;
			buildConfigurations = (
				FC8CA675299FBD9000695488 /* Debug */,
				FC8CA676299FBD9000695488 /* Release */,
			);
			defaultConfigurationIsVisible = 0;
			defaultConfigurationName = Release;
		};
		FC8CA677299FBD9000695488 /* Build configuration list for PBXNativeTarget "MemoriaTests" */ = {
			isa = XCConfigurationList;
			buildConfigurations = (
				FC8CA678299FBD9000695488 /* Debug */,
				FC8CA679299FBD9000695488 /* Release */,
			);
			defaultConfigurationIsVisible = 0;
			defaultConfigurationName = Release;
		};
		FC8CA67A299FBD9000695488 /* Build configuration list for PBXNativeTarget "MemoriaUITests" */ = {
			isa = XCConfigurationList;
			buildConfigurations = (
				FC8CA67B299FBD9000695488 /* Debug */,
				FC8CA67C299FBD9000695488 /* Release */,
			);
			defaultConfigurationIsVisible = 0;
			defaultConfigurationName = Release;
		};
/* End XCConfigurationList section */
	};
	rootObject = FC8CA648299FBD8C00695488 /* Project object */;
}
